$ANSIBLE_VAULT;1.1;AES256
38363439366466303865373733303235323239373439646435396466643064616530646662303862
3738633561343733333566343337303261356634306135650a336665626332373131366663663330
36666339633666396534346432346164386163616365373662333431306534376166633761373233
3964336564636239650a636135373235336666373537323462623438353133616337623062383530
33613239616633323234313837333262386639623936386266656365393965623932643434663561
62303334653066366435653030386131346135616636326261393737346333636338313638633263
35323138383637636239636361373831646638383066643139626430366136626462636266366334
64383233356162313232386662313735646663613262363061363962313338356332353933616636
3230
